{
  "version": 4,
  "terraform_version": "1.5.7",
  "serial": 42,
  "lineage": "mock-demo-lineage-001",
  "resources": [
    {
      "mode": "managed",
      "type": "mock_instance",
      "name": "web_server",
      "provider": "provider[\"registry.terraform.io/hashicorp/mock\"]",
      "instances": [
        {
          "schema_version": 0,
          "attributes": {
            "id": "i-web001",
            "ami": "ami-0abcdef1234567890",
            "instance_type": "t3.medium",
            "availability_zone": "us-east-1a",
            "vpc_security_group_ids": ["sg-abc123", "sg-def456"],
            "subnet_id": "subnet-abc123",
            "key_name": "deploy-key",
            "monitoring": true,
            "tags": {
              "Name": "web-server-prod",
              "Environment": "production",
              "Team": "platform",
              "ManagedBy": "terraform"
            }
          }
        }
      ]
    },
    {
      "mode": "managed",
      "type": "mock_instance",
      "name": "api_server_drifted",
      "provider": "provider[\"registry.terraform.io/hashicorp/mock\"]",
      "instances": [
        {
          "schema_version": 0,
          "attributes": {
            "id": "i-api-drifted-002",
            "ami": "ami-0abcdef1234567890",
            "instance_type": "t3.medium",
            "availability_zone": "us-east-1b",
            "vpc_security_group_ids": ["sg-abc123", "sg-ghi789"],
            "subnet_id": "subnet-def456",
            "key_name": "deploy-key",
            "monitoring": true,
            "tags": {
              "Name": "api-server-prod",
              "Environment": "production",
              "Team": "backend",
              "ManagedBy": "terraform"
            }
          }
        }
      ]
    },
    {
      "mode": "managed",
      "type": "mock_instance",
      "name": "old_server_deleted",
      "provider": "provider[\"registry.terraform.io/hashicorp/mock\"]",
      "instances": [
        {
          "schema_version": 0,
          "attributes": {
            "id": "i-old-deleted-003",
            "ami": "ami-oldimage999",
            "instance_type": "t2.micro",
            "availability_zone": "us-east-1c",
            "vpc_security_group_ids": ["sg-legacy001"],
            "subnet_id": "subnet-legacy",
            "key_name": "old-key",
            "monitoring": false,
            "tags": {
              "Name": "legacy-server",
              "Environment": "production",
              "Team": "legacy",
              "ManagedBy": "terraform"
            }
          }
        }
      ]
    },
    {
      "mode": "managed",
      "type": "mock_s3_bucket",
      "name": "app_bucket",
      "provider": "provider[\"registry.terraform.io/hashicorp/mock\"]",
      "instances": [
        {
          "schema_version": 0,
          "attributes": {
            "id": "app-assets-prod-bucket",
            "bucket": "app-assets-prod-bucket",
            "acl": "private",
            "region": "us-east-1",
            "versioning_enabled": true,
            "force_destroy": false,
            "tags": {
              "Name": "app-assets",
              "Environment": "production",
              "ManagedBy": "terraform"
            }
          }
        }
      ]
    },
    {
      "mode": "managed",
      "type": "mock_s3_bucket",
      "name": "logs_bucket_drifted",
      "provider": "provider[\"registry.terraform.io/hashicorp/mock\"]",
      "instances": [
        {
          "schema_version": 0,
          "attributes": {
            "id": "logs-drifted-bucket",
            "bucket": "logs-drifted-bucket",
            "acl": "private",
            "region": "us-east-1",
            "versioning_enabled": true,
            "force_destroy": false,
            "tags": {
              "Name": "application-logs",
              "Environment": "production",
              "ManagedBy": "terraform"
            }
          }
        }
      ]
    },
    {
      "mode": "managed",
      "type": "mock_s3_bucket",
      "name": "temp_bucket_deleted",
      "provider": "provider[\"registry.terraform.io/hashicorp/mock\"]",
      "instances": [
        {
          "schema_version": 0,
          "attributes": {
            "id": "temp-deleted-bucket",
            "bucket": "temp-deleted-bucket",
            "acl": "private",
            "region": "us-east-1",
            "versioning_enabled": false,
            "force_destroy": true,
            "tags": {
              "Name": "temp-data",
              "Environment": "staging",
              "ManagedBy": "terraform"
            }
          }
        }
      ]
    },
    {
      "mode": "managed",
      "type": "mock_security_group",
      "name": "main_sg",
      "provider": "provider[\"registry.terraform.io/hashicorp/mock\"]",
      "instances": [
        {
          "schema_version": 0,
          "attributes": {
            "id": "sg-main-001",
            "name": "main-web-sg",
            "description": "Main web security group",
            "vpc_id": "vpc-abc123",
            "ingress_from_port": 443,
            "ingress_to_port": 443,
            "ingress_protocol": "tcp",
            "ingress_cidr": "10.0.0.0/8",
            "egress_from_port": 0,
            "egress_to_port": 0,
            "egress_protocol": "-1",
            "egress_cidr": "0.0.0.0/0",
            "tags": {
              "Name": "main-web-sg",
              "Environment": "production",
              "ManagedBy": "terraform"
            }
          }
        }
      ]
    },
    {
      "mode": "managed",
      "type": "mock_security_group",
      "name": "legacy_sg_drifted",
      "provider": "provider[\"registry.terraform.io/hashicorp/mock\"]",
      "instances": [
        {
          "schema_version": 0,
          "attributes": {
            "id": "sg-legacy-drifted-002",
            "name": "legacy-app-sg",
            "description": "Legacy application security group",
            "vpc_id": "vpc-abc123",
            "ingress_from_port": 8080,
            "ingress_to_port": 8080,
            "ingress_protocol": "tcp",
            "ingress_cidr": "10.0.0.0/8",
            "egress_from_port": 0,
            "egress_to_port": 0,
            "egress_protocol": "-1",
            "egress_cidr": "0.0.0.0/0",
            "tags": {
              "Name": "legacy-app-sg",
              "Environment": "production",
              "ManagedBy": "terraform"
            }
          }
        }
      ]
    }
  ]
}
